
Microsoft Visual Studio Solution File, Format Version 12.00
# Visual Studio Version 17
VisualStudioVersion = 17.8.34511.84
MinimumVisualStudioVersion = 10.0.40219.1
Project("{FAE04EC0-301F-11D3-BF4B-00C04F79EFBC}") = "BrowserApp", "BrowserApp\BrowserApp.csproj", "{D99628E9-4E68-4DE4-8498-8CB42AAE9BC3}"
EndProject
Global
	GlobalSection(SolutionConfigurationPlatforms) = preSolution
		Debug|Any CPU = Debug|Any CPU
		Release|Any CPU = Release|Any CPU
	EndGlobalSection
	GlobalSection(ProjectConfigurationPlatforms) = postSolution
		{D99628E9-4E68-4DE4-8498-8CB42AAE9BC3}.Debug|Any CPU.ActiveCfg = Debug|Any CPU
		{D99628E9-4E68-4DE4-8498-8CB42AAE9BC3}.Debug|Any CPU.Build.0 = Debug|Any CPU
		{D99628E9-4E68-4DE4-8498-8CB42AAE9BC3}.Release|Any CPU.ActiveCfg = Release|Any CPU
		{D99628E9-4E68-4DE4-8498-8CB42AAE9BC3}.Release|Any CPU.Build.0 = Release|Any CPU
	EndGlobalSection
	GlobalSection(SolutionProperties) = preSolution
		HideSolutionNode = FALSE
	EndGlobalSection
	GlobalSection(ExtensibilityGlobals) = postSolution
		SolutionGuid = {8B6E2AC3-017E-4ABB-B8C5-F921D1C762BD}
	EndGlobalSection
EndGlobal
